
Microsoft Visual Studio Solution File, Format Version 12.00
# Visual Studio Version 17
VisualStudioVersion = 17.3.32929.385
MinimumVisualStudioVersion = 10.0.40219.1
Project("{FAE04EC0-301F-11D3-BF4B-00C04F79EFBC}") = "lec10_classes_static", "lec10_classes_static.csproj", "{9F84DD63-A411-4FD5-8346-379649A36436}"
EndProject
Global
	GlobalSection(SolutionConfigurationPlatforms) = preSolution
		Debug|Any CPU = Debug|Any CPU
		Release|Any CPU = Release|Any CPU
	EndGlobalSection
	GlobalSection(ProjectConfigurationPlatforms) = postSolution
		{9F84DD63-A411-4FD5-8346-379649A36436}.Debug|Any CPU.ActiveCfg = Debug|Any CPU
		{9F84DD63-A411-4FD5-8346-379649A36436}.Debug|Any CPU.Build.0 = Debug|Any CPU
		{9F84DD63-A411-4FD5-8346-379649A36436}.Release|Any CPU.ActiveCfg = Release|Any CPU
		{9F84DD63-A411-4FD5-8346-379649A36436}.Release|Any CPU.Build.0 = Release|Any CPU
	EndGlobalSection
	GlobalSection(SolutionProperties) = preSolution
		HideSolutionNode = FALSE
	EndGlobalSection
	GlobalSection(ExtensibilityGlobals) = postSolution
		SolutionGuid = {75858188-DBB0-4B99-8E4E-7A419A15C9A6}
	EndGlobalSection
EndGlobal
