
Microsoft Visual Studio Solution File, Format Version 12.00
# Visual Studio Version 17
VisualStudioVersion = 17.3.32929.385
MinimumVisualStudioVersion = 10.0.40219.1
Project("{FAE04EC0-301F-11D3-BF4B-00C04F79EFBC}") = "lec6_loops", "lec6_loops.csproj", "{C0F553AA-A1B5-4392-9858-C6EEBD88FC75}"
EndProject
Global
	GlobalSection(SolutionConfigurationPlatforms) = preSolution
		Debug|Any CPU = Debug|Any CPU
		Release|Any CPU = Release|Any CPU
	EndGlobalSection
	GlobalSection(ProjectConfigurationPlatforms) = postSolution
		{C0F553AA-A1B5-4392-9858-C6EEBD88FC75}.Debug|Any CPU.ActiveCfg = Debug|Any CPU
		{C0F553AA-A1B5-4392-9858-C6EEBD88FC75}.Debug|Any CPU.Build.0 = Debug|Any CPU
		{C0F553AA-A1B5-4392-9858-C6EEBD88FC75}.Release|Any CPU.ActiveCfg = Release|Any CPU
		{C0F553AA-A1B5-4392-9858-C6EEBD88FC75}.Release|Any CPU.Build.0 = Release|Any CPU
	EndGlobalSection
	GlobalSection(SolutionProperties) = preSolution
		HideSolutionNode = FALSE
	EndGlobalSection
	GlobalSection(ExtensibilityGlobals) = postSolution
		SolutionGuid = {3B185F5E-B61E-4E85-AFF5-0B0D03CA5B21}
	EndGlobalSection
EndGlobal
