
Microsoft Visual Studio Solution File, Format Version 12.00
# Visual Studio Version 17
VisualStudioVersion = 17.3.32929.385
MinimumVisualStudioVersion = 10.0.40219.1
Project("{FAE04EC0-301F-11D3-BF4B-00C04F79EFBC}") = "lec2_type_conversion", "lec2_type_conversion.csproj", "{99FAC758-7DFF-4A66-AAC2-3F1B00D15C48}"
EndProject
Global
	GlobalSection(SolutionConfigurationPlatforms) = preSolution
		Debug|Any CPU = Debug|Any CPU
		Release|Any CPU = Release|Any CPU
	EndGlobalSection
	GlobalSection(ProjectConfigurationPlatforms) = postSolution
		{99FAC758-7DFF-4A66-AAC2-3F1B00D15C48}.Debug|Any CPU.ActiveCfg = Debug|Any CPU
		{99FAC758-7DFF-4A66-AAC2-3F1B00D15C48}.Debug|Any CPU.Build.0 = Debug|Any CPU
		{99FAC758-7DFF-4A66-AAC2-3F1B00D15C48}.Release|Any CPU.ActiveCfg = Release|Any CPU
		{99FAC758-7DFF-4A66-AAC2-3F1B00D15C48}.Release|Any CPU.Build.0 = Release|Any CPU
	EndGlobalSection
	GlobalSection(SolutionProperties) = preSolution
		HideSolutionNode = FALSE
	EndGlobalSection
	GlobalSection(ExtensibilityGlobals) = postSolution
		SolutionGuid = {8D8D625E-190F-4F65-BE70-42C9B844763B}
	EndGlobalSection
EndGlobal
